
Microsoft Visual Studio Solution File, Format Version 12.00
# Visual Studio Version 17
VisualStudioVersion = 17.5.002.0
MinimumVisualStudioVersion = 10.0.40219.1
Project("{9A19103F-16F7-4668-BE54-9A1E7A4F7556}") = "bg-movies", "bg-movies-back\bg-movies.csproj", "{66648F4B-9EEF-4C32-A2BB-D477C90B9BC9}"
EndProject
Global
	GlobalSection(SolutionConfigurationPlatforms) = preSolution
		Debug|Any CPU = Debug|Any CPU
		Release|Any CPU = Release|Any CPU
	EndGlobalSection
	GlobalSection(ProjectConfigurationPlatforms) = postSolution
		{66648F4B-9EEF-4C32-A2BB-D477C90B9BC9}.Debug|Any CPU.ActiveCfg = Debug|Any CPU
		{66648F4B-9EEF-4C32-A2BB-D477C90B9BC9}.Debug|Any CPU.Build.0 = Debug|Any CPU
		{66648F4B-9EEF-4C32-A2BB-D477C90B9BC9}.Release|Any CPU.ActiveCfg = Release|Any CPU
		{66648F4B-9EEF-4C32-A2BB-D477C90B9BC9}.Release|Any CPU.Build.0 = Release|Any CPU
	EndGlobalSection
	GlobalSection(SolutionProperties) = preSolution
		HideSolutionNode = FALSE
	EndGlobalSection
	GlobalSection(ExtensibilityGlobals) = postSolution
		SolutionGuid = {7ACBC6E9-5141-4054-A738-5A5C834399F6}
	EndGlobalSection
EndGlobal
